// !$*UTF8*$!
{
	archiveVersion = 1;
	classes = {
	};
	objectVersion = 50;
	objects = {

/* Begin PBXBuildFile section */
		E12D0B7622A1473B00421A4A /* AppDelegate.swift in Sources */ = {isa = PBXBuildFile; fileRef = E12D0B7522A1473B00421A4A /* AppDelegate.swift */; };
		E12D0B7822A1473B00421A4A /* ViewController.swift in Sources */ = {isa = PBXBuildFile; fileRef = E12D0B7722A1473B00421A4A /* ViewController.swift */; };
		E12D0B7A22A1473D00421A4A /* Assets.xcassets in Resources */ = {isa = PBXBuildFile; fileRef = E12D0B7922A1473D00421A4A /* Assets.xcassets */; };
		E12D0B7D22A1473D00421A4A /* Main.storyboard in Resources */ = {isa = PBXBuildFile; fileRef = E12D0B7B22A1473D00421A4A /* Main.storyboard */; };
		E12D0B8922A1473D00421A4A /* HallenFilmeTests.swift in Sources */ = {isa = PBXBuildFile; fileRef = E12D0B8822A1473D00421A4A /* HallenFilmeTests.swift */; };
		E12D0B9422A1473D00421A4A /* HallenFilmeUITests.swift in Sources */ = {isa = PBXBuildFile; fileRef = E12D0B9322A1473D00421A4A /* HallenFilmeUITests.swift */; };
/* End PBXBuildFile section */

/* Begin PBXContainerItemProxy section */
		E12D0B8522A1473D00421A4A /* PBXContainerItemProxy */ = {
			isa = PBXContainerItemProxy;
			containerPortal = E12D0B6A22A1473B00421A4A /* Project object */;
			proxyType = 1;
			remoteGlobalIDString = E12D0B7122A1473B00421A4A;
			remoteInfo = HallenFilme;
		};
		E12D0B9022A1473D00421A4A /* PBXContainerItemProxy */ = {
			isa = PBXContainerItemProxy;
			containerPortal = E12D0B6A22A1473B00421A4A /* Project object */;
			proxyType = 1;
			remoteGlobalIDString = E12D0B7122A1473B00421A4A;
			remoteInfo = HallenFilme;
		};
/* End PBXContainerItemProxy section */

/* Begin PBXFileReference section */
		E12D0B7222A1473B00421A4A /* HallenFilme.app */ = {isa = PBXFileReference; explicitFileType = wrapper.application; includeInIndex = 0; path = HallenFilme.app; sourceTree = BUILT_PRODUCTS_DIR; };
		E12D0B7522A1473B00421A4A /* AppDelegate.swift */ = {isa = PBXFileReference; lastKnownFileType = sourcecode.swift; path = AppDelegate.swift; sourceTree = "<group>"; };
		E12D0B7722A1473B00421A4A /* ViewController.swift */ = {isa = PBXFileReference; lastKnownFileType = sourcecode.swift; path = ViewController.swift; sourceTree = "<group>"; };
		E12D0B7922A1473D00421A4A /* Assets.xcassets */ = {isa = PBXFileReference; lastKnownFileType = folder.assetcatalog; path = Assets.xcassets; sourceTree = "<group>"; };
		E12D0B7C22A1473D00421A4A /* Base */ = {isa = PBXFileReference; lastKnownFileType = file.storyboard; name = Base; path = Base.lproj/Main.storyboard; sourceTree = "<group>"; };
		E12D0B7E22A1473D00421A4A /* Info.plist */ = {isa = PBXFileReference; lastKnownFileType = text.plist.xml; path = Info.plist; sourceTree = "<group>"; };
		E12D0B7F22A1473D00421A4A /* HallenFilme.entitlements */ = {isa = PBXFileReference; lastKnownFileType = text.plist.entitlements; path = HallenFilme.entitlements; sourceTree = "<group>"; };
		E12D0B8422A1473D00421A4A /* HallenFilmeTests.xctest */ = {isa = PBXFileReference; explicitFileType = wrapper.cfbundle; includeInIndex = 0; path = HallenFilmeTests.xctest; sourceTree = BUILT_PRODUCTS_DIR; };
		E12D0B8822A1473D00421A4A /* HallenFilmeTests.swift */ = {isa = PBXFileReference; lastKnownFileType = sourcecode.swift; path = HallenFilmeTests.swift; sourceTree = "<group>"; };
		E12D0B8A22A1473D00421A4A /* Info.plist */ = {isa = PBXFileReference; lastKnownFileType = text.plist.xml; path = Info.plist; sourceTree = "<group>"; };
		E12D0B8F22A1473D00421A4A /* HallenFilmeUITests.xctest */ = {isa = PBXFileReference; explicitFileType = wrapper.cfbundle; includeInIndex = 0; path = HallenFilmeUITests.xctest; sourceTree = BUILT_PRODUCTS_DIR; };
		E12D0B9322A1473D00421A4A /* HallenFilmeUITests.swift */ = {isa = PBXFileReference; lastKnownFileType = sourcecode.swift; path = HallenFilmeUITests.swift; sourceTree = "<group>"; };
		E12D0B9522A1473D00421A4A /* Info.plist */ = {isa = PBXFileReference; lastKnownFileType = text.plist.xml; path = Info.plist; sourceTree = "<group>"; };
/* End PBXFileReference section */

/* Begin PBXFrameworksBuildPhase section */
		E12D0B6F22A1473B00421A4A /* Frameworks */ = {
			isa = PBXFrameworksBuildPhase;
			buildActionMask = 2147483647;
			files = (
			);
			runOnlyForDeploymentPostprocessing = 0;
		};
		E12D0B8122A1473D00421A4A /* Frameworks */ = {
			isa = PBXFrameworksBuildPhase;
			buildActionMask = 2147483647;
			files = (
			);
			runOnlyForDeploymentPostprocessing = 0;
		};
		E12D0B8C22A1473D00421A4A /* Frameworks */ = {
			isa = PBXFrameworksBuildPhase;
			buildActionMask = 2147483647;
			files = (
			);
			runOnlyForDeploymentPostprocessing = 0;
		};
/* End PBXFrameworksBuildPhase section */

/* Begin PBXGroup section */
		E12D0B6922A1473B00421A4A = {
			isa = PBXGroup;
			children = (
				E12D0B7422A1473B00421A4A /* HallenFilme */,
				E12D0B8722A1473D00421A4A /* HallenFilmeTests */,
				E12D0B9222A1473D00421A4A /* HallenFilmeUITests */,
				E12D0B7322A1473B00421A4A /* Products */,
			);
			sourceTree = "<group>";
		};
		E12D0B7322A1473B00421A4A /* Products */ = {
			isa = PBXGroup;
			children = (
				E12D0B7222A1473B00421A4A /* HallenFilme.app */,
				E12D0B8422A1473D00421A4A /* HallenFilmeTests.xctest */,
				E12D0B8F22A1473D00421A4A /* HallenFilmeUITests.xctest */,
			);
			name = Products;
			sourceTree = "<group>";
		};
		E12D0B7422A1473B00421A4A /* HallenFilme */ = {
			isa = PBXGroup;
			children = (
				E12D0B7522A1473B00421A4A /* AppDelegate.swift */,
				E12D0B7722A1473B00421A4A /* ViewController.swift */,
				E12D0B7922A1473D00421A4A /* Assets.xcassets */,
				E12D0B7B22A1473D00421A4A /* Main.storyboard */,
				E12D0B7E22A1473D00421A4A /* Info.plist */,
				E12D0B7F22A1473D00421A4A /* HallenFilme.entitlements */,
			);
			path = HallenFilme;
			sourceTree = "<group>";
		};
		E12D0B8722A1473D00421A4A /* HallenFilmeTests */ = {
			isa = PBXGroup;
			children = (
				E12D0B8822A1473D00421A4A /* HallenFilmeTests.swift */,
				E12D0B8A22A1473D00421A4A /* Info.plist */,
			);
			path = HallenFilmeTests;
			sourceTree = "<group>";
		};
		E12D0B9222A1473D00421A4A /* HallenFilmeUITests */ = {
			isa = PBXGroup;
			children = (
				E12D0B9322A1473D00421A4A /* HallenFilmeUITests.swift */,
				E12D0B9522A1473D00421A4A /* Info.plist */,
			);
			path = HallenFilmeUITests;
			sourceTree = "<group>";
		};
/* End PBXGroup section */

/* Begin PBXNativeTarget section */
		E12D0B7122A1473B00421A4A /* HallenFilme */ = {
			isa = PBXNativeTarget;
			buildConfigurationList = E12D0B9822A1473D00421A4A /* Build configuration list for PBXNativeTarget "HallenFilme" */;
			buildPhases = (
				E12D0B6E22A1473B00421A4A /* Sources */,
				E12D0B6F22A1473B00421A4A /* Frameworks */,
				E12D0B7022A1473B00421A4A /* Resources */,
			);
			buildRules = (
			);
			dependencies = (
			);
			name = HallenFilme;
			productName = HallenFilme;
			productReference = E12D0B7222A1473B00421A4A /* HallenFilme.app */;
			productType = "com.apple.product-type.application";
		};
		E12D0B8322A1473D00421A4A /* HallenFilmeTests */ = {
			isa = PBXNativeTarget;
			buildConfigurationList = E12D0B9B22A1473D00421A4A /* Build configuration list for PBXNativeTarget "HallenFilmeTests" */;
			buildPhases = (
				E12D0B8022A1473D00421A4A /* Sources */,
				E12D0B8122A1473D00421A4A /* Frameworks */,
				E12D0B8222A1473D00421A4A /* Resources */,
			);
			buildRules = (
			);
			dependencies = (
				E12D0B8622A1473D00421A4A /* PBXTargetDependency */,
			);
			name = HallenFilmeTests;
			productName = HallenFilmeTests;
			productReference = E12D0B8422A1473D00421A4A /* HallenFilmeTests.xctest */;
			productType = "com.apple.product-type.bundle.unit-test";
		};
		E12D0B8E22A1473D00421A4A /* HallenFilmeUITests */ = {
			isa = PBXNativeTarget;
			buildConfigurationList = E12D0B9E22A1473D00421A4A /* Build configuration list for PBXNativeTarget "HallenFilmeUITests" */;
			buildPhases = (
				E12D0B8B22A1473D00421A4A /* Sources */,
				E12D0B8C22A1473D00421A4A /* Frameworks */,
				E12D0B8D22A1473D00421A4A /* Resources */,
			);
			buildRules = (
			);
			dependencies = (
				E12D0B9122A1473D00421A4A /* PBXTargetDependency */,
			);
			name = HallenFilmeUITests;
			productName = HallenFilmeUITests;
			productReference = E12D0B8F22A1473D00421A4A /* HallenFilmeUITests.xctest */;
			productType = "com.apple.product-type.bundle.ui-testing";
		};
/* End PBXNativeTarget section */

/* Begin PBXProject section */
		E12D0B6A22A1473B00421A4A /* Project object */ = {
			isa = PBXProject;
			attributes = {
				LastSwiftUpdateCheck = 1020;
				LastUpgradeCheck = 1020;
				ORGANIZATIONNAME = Andreas;
				TargetAttributes = {
					E12D0B7122A1473B00421A4A = {
						CreatedOnToolsVersion = 10.2.1;
					};
					E12D0B8322A1473D00421A4A = {
						CreatedOnToolsVersion = 10.2.1;
						TestTargetID = E12D0B7122A1473B00421A4A;
					};
					E12D0B8E22A1473D00421A4A = {
						CreatedOnToolsVersion = 10.2.1;
						TestTargetID = E12D0B7122A1473B00421A4A;
					};
				};
			};
			buildConfigurationList = E12D0B6D22A1473B00421A4A /* Build configuration list for PBXProject "HallenFilme" */;
			compatibilityVersion = "Xcode 9.3";
			developmentRegion = en;
			hasScannedForEncodings = 0;
			knownRegions = (
				en,
				Base,
			);
			mainGroup = E12D0B6922A1473B00421A4A;
			productRefGroup = E12D0B7322A1473B00421A4A /* Products */;
			projectDirPath = "";
			projectRoot = "";
			targets = (
				E12D0B7122A1473B00421A4A /* HallenFilme */,
				E12D0B8322A1473D00421A4A /* HallenFilmeTests */,
				E12D0B8E22A1473D00421A4A /* HallenFilmeUITests */,
			);
		};
/* End PBXProject section */

/* Begin PBXResourcesBuildPhase section */
		E12D0B7022A1473B00421A4A /* Resources */ = {
			isa = PBXResourcesBuildPhase;
			buildActionMask = 2147483647;
			files = (
				E12D0B7A22A1473D00421A4A /* Assets.xcassets in Resources */,
				E12D0B7D22A1473D00421A4A /* Main.storyboard in Resources */,
			);
			runOnlyForDeploymentPostprocessing = 0;
		};
		E12D0B8222A1473D00421A4A /* Resources */ = {
			isa = PBXResourcesBuildPhase;
			buildActionMask = 2147483647;
			files = (
			);
			runOnlyForDeploymentPostprocessing = 0;
		};
		E12D0B8D22A1473D00421A4A /* Resources */ = {
			isa = PBXResourcesBuildPhase;
			buildActionMask = 2147483647;
			files = (
			);
			runOnlyForDeploymentPostprocessing = 0;
		};
/* End PBXResourcesBuildPhase section */

/* Begin PBXSourcesBuildPhase section */
		E12D0B6E22A1473B00421A4A /* Sources */ = {
			isa = PBXSourcesBuildPhase;
			buildActionMask = 2147483647;
			files = (
				E12D0B7822A1473B00421A4A /* ViewController.swift in Sources */,
				E12D0B7622A1473B00421A4A /* AppDelegate.swift in Sources */,
			);
			runOnlyForDeploymentPostprocessing = 0;
		};
		E12D0B8022A1473D00421A4A /* Sources */ = {
			isa = PBXSourcesBuildPhase;
			buildActionMask = 2147483647;
			files = (
				E12D0B8922A1473D00421A4A /* HallenFilmeTests.swift in Sources */,
			);
			runOnlyForDeploymentPostprocessing = 0;
		};
		E12D0B8B22A1473D00421A4A /* Sources */ = {
			isa = PBXSourcesBuildPhase;
			buildActionMask = 2147483647;
			files = (
				E12D0B9422A1473D00421A4A /* HallenFilmeUITests.swift in Sources */,
			);
			runOnlyForDeploymentPostprocessing = 0;
		};
/* End PBXSourcesBuildPhase section */

/* Begin PBXTargetDependency section */
		E12D0B8622A1473D00421A4A /* PBXTargetDependency */ = {
			isa = PBXTargetDependency;
			target = E12D0B7122A1473B00421A4A /* HallenFilme */;
			targetProxy = E12D0B8522A1473D00421A4A /* PBXContainerItemProxy */;
		};
		E12D0B9122A1473D00421A4A /* PBXTargetDependency */ = {
			isa = PBXTargetDependency;
			target = E12D0B7122A1473B00421A4A /* HallenFilme */;
			targetProxy = E12D0B9022A1473D00421A4A /* PBXContainerItemProxy */;
		};
/* End PBXTargetDependency section */

/* Begin PBXVariantGroup section */
		E12D0B7B22A1473D00421A4A /* Main.storyboard */ = {
			isa = PBXVariantGroup;
			children = (
				E12D0B7C22A1473D00421A4A /* Base */,
			);
			name = Main.storyboard;
			sourceTree = "<group>";
		};
/* End PBXVariantGroup section */

/* Begin XCBuildConfiguration section */
		E12D0B9622A1473D00421A4A /* Debug */ = {
			isa = XCBuildConfiguration;
			buildSettings = {
				ALWAYS_SEARCH_USER_PATHS = NO;
				CLANG_ANALYZER_NONNULL = YES;
				CLANG_ANALYZER_NUMBER_OBJECT_CONVERSION = YES_AGGRESSIVE;
				CLANG_CXX_LANGUAGE_STANDARD = "gnu++14";
				CLANG_CXX_LIBRARY = "libc++";
				CLANG_ENABLE_MODULES = YES;
				CLANG_ENABLE_OBJC_ARC = YES;
				CLANG_ENABLE_OBJC_WEAK = YES;
				CLANG_WARN_BLOCK_CAPTURE_AUTORELEASING = YES;
				CLANG_WARN_BOOL_CONVERSION = YES;
				CLANG_WARN_COMMA = YES;
				CLANG_WARN_CONSTANT_CONVERSION = YES;
				CLANG_WARN_DEPRECATED_OBJC_IMPLEMENTATIONS = YES;
				CLANG_WARN_DIRECT_OBJC_ISA_USAGE = YES_ERROR;
				CLANG_WARN_DOCUMENTATION_COMMENTS = YES;
				CLANG_WARN_EMPTY_BODY = YES;
				CLANG_WARN_ENUM_CONVERSION = YES;
				CLANG_WARN_INFINITE_RECURSION = YES;
				CLANG_WARN_INT_CONVERSION = YES;
				CLANG_WARN_NON_LITERAL_NULL_CONVERSION = YES;
				CLANG_WARN_OBJC_IMPLICIT_RETAIN_SELF = YES;
				CLANG_WARN_OBJC_LITERAL_CONVERSION = YES;
				CLANG_WARN_OBJC_ROOT_CLASS = YES_ERROR;
				CLANG_WARN_RANGE_LOOP_ANALYSIS = YES;
				CLANG_WARN_STRICT_PROTOTYPES = YES;
				CLANG_WARN_SUSPICIOUS_MOVE = YES;
				CLANG_WARN_UNGUARDED_AVAILABILITY = YES_AGGRESSIVE;
				CLANG_WARN_UNREACHABLE_CODE = YES;
				CLANG_WARN__DUPLICATE_METHOD_MATCH = YES;
				CODE_SIGN_IDENTITY = "Mac Developer";
				COPY_PHASE_STRIP = NO;
				DEBUG_INFORMATION_FORMAT = dwarf;
				ENABLE_STRICT_OBJC_MSGSEND = YES;
				ENABLE_TESTABILITY = YES;
				GCC_C_LANGUAGE_STANDARD = gnu11;
				GCC_DYNAMIC_NO_PIC = NO;
				GCC_NO_COMMON_BLOCKS = YES;
				GCC_OPTIMIZATION_LEVEL = 0;
				GCC_PREPROCESSOR_DEFINITIONS = (
					"DEBUG=1",
					"$(inherited)",
				);
				GCC_WARN_64_TO_32_BIT_CONVERSION = YES;
				GCC_WARN_ABOUT_RETURN_TYPE = YES_ERROR;
				GCC_WARN_UNDECLARED_SELECTOR = YES;
				GCC_WARN_UNINITIALIZED_AUTOS = YES_AGGRESSIVE;
				GCC_WARN_UNUSED_FUNCTION = YES;
				GCC_WARN_UNUSED_VARIABLE = YES;
				MACOSX_DEPLOYMENT_TARGET = 10.14;
				MTL_ENABLE_DEBUG_INFO = INCLUDE_SOURCE;
				MTL_FAST_MATH = YES;
				ONLY_ACTIVE_ARCH = YES;
				SDKROOT = macosx;
				SWIFT_ACTIVE_COMPILATION_CONDITIONS = DEBUG;
				SWIFT_OPTIMIZATION_LEVEL = "-Onone";
			};
			name = Debug;
		};
		E12D0B9722A1473D00421A4A /* Release */ = {
			isa = XCBuildConfiguration;
			buildSettings = {
				ALWAYS_SEARCH_USER_PATHS = NO;
				CLANG_ANALYZER_NONNULL = YES;
				CLANG_ANALYZER_NUMBER_OBJECT_CONVERSION = YES_AGGRESSIVE;
				CLANG_CXX_LANGUAGE_STANDARD = "gnu++14";
				CLANG_CXX_LIBRARY = "libc++";
				CLANG_ENABLE_MODULES = YES;
				CLANG_ENABLE_OBJC_ARC = YES;
				CLANG_ENABLE_OBJC_WEAK = YES;
				CLANG_WARN_BLOCK_CAPTURE_AUTORELEASING = YES;
				CLANG_WARN_BOOL_CONVERSION = YES;
				CLANG_WARN_COMMA = YES;
				CLANG_WARN_CONSTANT_CONVERSION = YES;
				CLANG_WARN_DEPRECATED_OBJC_IMPLEMENTATIONS = YES;
				CLANG_WARN_DIRECT_OBJC_ISA_USAGE = YES_ERROR;
				CLANG_WARN_DOCUMENTATION_COMMENTS = YES;
				CLANG_WARN_EMPTY_BODY = YES;
				CLANG_WARN_ENUM_CONVERSION = YES;
				CLANG_WARN_INFINITE_RECURSION = YES;
				CLANG_WARN_INT_CONVERSION = YES;
				CLANG_WARN_NON_LITERAL_NULL_CONVERSION = YES;
				CLANG_WARN_OBJC_IMPLICIT_RETAIN_SELF = YES;
				CLANG_WARN_OBJC_LITERAL_CONVERSION = YES;
				CLANG_WARN_OBJC_ROOT_CLASS = YES_ERROR;
				CLANG_WARN_RANGE_LOOP_ANALYSIS = YES;
				CLANG_WARN_STRICT_PROTOTYPES = YES;
				CLANG_WARN_SUSPICIOUS_MOVE = YES;
				CLANG_WARN_UNGUARDED_AVAILABILITY = YES_AGGRESSIVE;
				CLANG_WARN_UNREACHABLE_CODE = YES;
				CLANG_WARN__DUPLICATE_METHOD_MATCH = YES;
				CODE_SIGN_IDENTITY = "Mac Developer";
				COPY_PHASE_STRIP = NO;
				DEBUG_INFORMATION_FORMAT = "dwarf-with-dsym";
				ENABLE_NS_ASSERTIONS = NO;
				ENABLE_STRICT_OBJC_MSGSEND = YES;
				GCC_C_LANGUAGE_STANDARD = gnu11;
				GCC_NO_COMMON_BLOCKS = YES;
				GCC_WARN_64_TO_32_BIT_CONVERSION = YES;
				GCC_WARN_ABOUT_RETURN_TYPE = YES_ERROR;
				GCC_WARN_UNDECLARED_SELECTOR = YES;
				GCC_WARN_UNINITIALIZED_AUTOS = YES_AGGRESSIVE;
				GCC_WARN_UNUSED_FUNCTION = YES;
				GCC_WARN_UNUSED_VARIABLE = YES;
				MACOSX_DEPLOYMENT_TARGET = 10.14;
				MTL_ENABLE_DEBUG_INFO = NO;
				MTL_FAST_MATH = YES;
				SDKROOT = macosx;
				SWIFT_COMPILATION_MODE = wholemodule;
				SWIFT_OPTIMIZATION_LEVEL = "-O";
			};
			name = Release;
		};
		E12D0B9922A1473D00421A4A /* Debug */ = {
			isa = XCBuildConfiguration;
			buildSettings = {
				ASSETCATALOG_COMPILER_APPICON_NAME = AppIcon;
				CODE_SIGN_ENTITLEMENTS = HallenFilme/HallenFilme.entitlements;
				CODE_SIGN_STYLE = Automatic;
				COMBINE_HIDPI_IMAGES = YES;
				DEVELOPMENT_TEAM = ST37Z4RF7D;
				INFOPLIST_FILE = HallenFilme/Info.plist;
				LD_RUNPATH_SEARCH_PATHS = (
					"$(inherited)",
					"@executable_path/../Frameworks",
				);
				PRODUCT_BUNDLE_IDENTIFIER = ch.pohl.HallenFilme;
				PRODUCT_NAME = "$(TARGET_NAME)";
				SWIFT_VERSION = 5.0;
			};
			name = Debug;
		};
		E12D0B9A22A1473D00421A4A /* Release */ = {
			isa = XCBuildConfiguration;
			buildSettings = {
				ASSETCATALOG_COMPILER_APPICON_NAME = AppIcon;
				CODE_SIGN_ENTITLEMENTS = HallenFilme/HallenFilme.entitlements;
				CODE_SIGN_STYLE = Automatic;
				COMBINE_HIDPI_IMAGES = YES;
				DEVELOPMENT_TEAM = ST37Z4RF7D;
				INFOPLIST_FILE = HallenFilme/Info.plist;
				LD_RUNPATH_SEARCH_PATHS = (
					"$(inherited)",
					"@executable_path/../Frameworks",
				);
				PRODUCT_BUNDLE_IDENTIFIER = ch.pohl.HallenFilme;
				PRODUCT_NAME = "$(TARGET_NAME)";
				SWIFT_VERSION = 5.0;
			};
			name = Release;
		};
		E12D0B9C22A1473D00421A4A /* Debug */ = {
			isa = XCBuildConfiguration;
			buildSettings = {
				ALWAYS_EMBED_SWIFT_STANDARD_LIBRARIES = YES;
				BUNDLE_LOADER = "$(TEST_HOST)";
				CODE_SIGN_STYLE = Automatic;
				COMBINE_HIDPI_IMAGES = YES;
				DEVELOPMENT_TEAM = ST37Z4RF7D;
				INFOPLIST_FILE = HallenFilmeTests/Info.plist;
				LD_RUNPATH_SEARCH_PATHS = (
					"$(inherited)",
					"@executable_path/../Frameworks",
					"@loader_path/../Frameworks",
				);
				PRODUCT_BUNDLE_IDENTIFIER = ch.pohl.HallenFilmeTests;
				PRODUCT_NAME = "$(TARGET_NAME)";
				SWIFT_VERSION = 5.0;
				TEST_HOST = "$(BUILT_PRODUCTS_DIR)/HallenFilme.app/Contents/MacOS/HallenFilme";
			};
			name = Debug;
		};
		E12D0B9D22A1473D00421A4A /* Release */ = {
			isa = XCBuildConfiguration;
			buildSettings = {
				ALWAYS_EMBED_SWIFT_STANDARD_LIBRARIES = YES;
				BUNDLE_LOADER = "$(TEST_HOST)";
				CODE_SIGN_STYLE = Automatic;
				COMBINE_HIDPI_IMAGES = YES;
				DEVELOPMENT_TEAM = ST37Z4RF7D;
				INFOPLIST_FILE = HallenFilmeTests/Info.plist;
				LD_RUNPATH_SEARCH_PATHS = (
					"$(inherited)",
					"@executable_path/../Frameworks",
					"@loader_path/../Frameworks",
				);
				PRODUCT_BUNDLE_IDENTIFIER = ch.pohl.HallenFilmeTests;
				PRODUCT_NAME = "$(TARGET_NAME)";
				SWIFT_VERSION = 5.0;
				TEST_HOST = "$(BUILT_PRODUCTS_DIR)/HallenFilme.app/Contents/MacOS/HallenFilme";
			};
			name = Release;
		};
		E12D0B9F22A1473D00421A4A /* Debug */ = {
			isa = XCBuildConfiguration;
			buildSettings = {
				ALWAYS_EMBED_SWIFT_STANDARD_LIBRARIES = YES;
				CODE_SIGN_STYLE = Automatic;
				COMBINE_HIDPI_IMAGES = YES;
				DEVELOPMENT_TEAM = ST37Z4RF7D;
				INFOPLIST_FILE = HallenFilmeUITests/Info.plist;
				LD_RUNPATH_SEARCH_PATHS = (
					"$(inherited)",
					"@executable_path/../Frameworks",
					"@loader_path/../Frameworks",
				);
				PRODUCT_BUNDLE_IDENTIFIER = ch.pohl.HallenFilmeUITests;
				PRODUCT_NAME = "$(TARGET_NAME)";
				SWIFT_VERSION = 5.0;
				TEST_TARGET_NAME = HallenFilme;
			};
			name = Debug;
		};
		E12D0BA022A1473D00421A4A /* Release */ = {
			isa = XCBuildConfiguration;
			buildSettings = {
				ALWAYS_EMBED_SWIFT_STANDARD_LIBRARIES = YES;
				CODE_SIGN_STYLE = Automatic;
				COMBINE_HIDPI_IMAGES = YES;
				DEVELOPMENT_TEAM = ST37Z4RF7D;
				INFOPLIST_FILE = HallenFilmeUITests/Info.plist;
				LD_RUNPATH_SEARCH_PATHS = (
					"$(inherited)",
					"@executable_path/../Frameworks",
					"@loader_path/../Frameworks",
				);
				PRODUCT_BUNDLE_IDENTIFIER = ch.pohl.HallenFilmeUITests;
				PRODUCT_NAME = "$(TARGET_NAME)";
				SWIFT_VERSION = 5.0;
				TEST_TARGET_NAME = HallenFilme;
			};
			name = Release;
		};
/* End XCBuildConfiguration section */

/* Begin XCConfigurationList section */
		E12D0B6D22A1473B00421A4A /* Build configuration list for PBXProject "HallenFilme" */ = {
			isa = XCConfigurationList;
			buildConfigurations = (
				E12D0B9622A1473D00421A4A /* Debug */,
				E12D0B9722A1473D00421A4A /* Release */,
			);
			defaultConfigurationIsVisible = 0;
			defaultConfigurationName = Release;
		};
		E12D0B9822A1473D00421A4A /* Build configuration list for PBXNativeTarget "HallenFilme" */ = {
			isa = XCConfigurationList;
			buildConfigurations = (
				E12D0B9922A1473D00421A4A /* Debug */,
				E12D0B9A22A1473D00421A4A /* Release */,
			);
			defaultConfigurationIsVisible = 0;
			defaultConfigurationName = Release;
		};
		E12D0B9B22A1473D00421A4A /* Build configuration list for PBXNativeTarget "HallenFilmeTests" */ = {
			isa = XCConfigurationList;
			buildConfigurations = (
				E12D0B9C22A1473D00421A4A /* Debug */,
				E12D0B9D22A1473D00421A4A /* Release */,
			);
			defaultConfigurationIsVisible = 0;
			defaultConfigurationName = Release;
		};
		E12D0B9E22A1473D00421A4A /* Build configuration list for PBXNativeTarget "HallenFilmeUITests" */ = {
			isa = XCConfigurationList;
			buildConfigurations = (
				E12D0B9F22A1473D00421A4A /* Debug */,
				E12D0BA022A1473D00421A4A /* Release */,
			);
			defaultConfigurationIsVisible = 0;
			defaultConfigurationName = Release;
		};
/* End XCConfigurationList section */
	};
	rootObject = E12D0B6A22A1473B00421A4A /* Project object */;
}
